
Microsoft Visual Studio Solution File, Format Version 12.00
# Visual Studio Version 17
VisualStudioVersion = 17.0.31903.59
MinimumVisualStudioVersion = 10.0.40219.1
Project("{FAE04EC0-301F-11D3-BF4B-00C04F79EFBC}") = "WebPerson19_12", "WebPerson19_12\WebPerson19_12.csproj", "{1932F350-FFC4-4EB0-84C6-9B9F008D4209}"
EndProject
Global
	GlobalSection(SolutionConfigurationPlatforms) = preSolution
		Debug|Any CPU = Debug|Any CPU
		Release|Any CPU = Release|Any CPU
	EndGlobalSection
	GlobalSection(ProjectConfigurationPlatforms) = postSolution
		{1932F350-FFC4-4EB0-84C6-9B9F008D4209}.Debug|Any CPU.ActiveCfg = Debug|Any CPU
		{1932F350-FFC4-4EB0-84C6-9B9F008D4209}.Debug|Any CPU.Build.0 = Debug|Any CPU
		{1932F350-FFC4-4EB0-84C6-9B9F008D4209}.Release|Any CPU.ActiveCfg = Release|Any CPU
		{1932F350-FFC4-4EB0-84C6-9B9F008D4209}.Release|Any CPU.Build.0 = Release|Any CPU
	EndGlobalSection
	GlobalSection(SolutionProperties) = preSolution
		HideSolutionNode = FALSE
	EndGlobalSection
	GlobalSection(ExtensibilityGlobals) = postSolution
		SolutionGuid = {67C7C4BC-4EF5-4274-B9F9-C44C17D24564}
	EndGlobalSection
EndGlobal
